
Microsoft Visual Studio Solution File, Format Version 12.00
# Visual Studio 15
VisualStudioVersion = 15.0.27703.2026
MinimumVisualStudioVersion = 10.0.40219.1
Project("{9A19103F-16F7-4668-BE54-9A1E7A4F7556}") = "FellerProbability", "FellerProbability\FellerProbability.csproj", "{E029FFC4-4F9D-4594-8D1E-7487CAE595BD}"
EndProject
Project("{9A19103F-16F7-4668-BE54-9A1E7A4F7556}") = "FellerProbabilityTests", "FellerProbabilityTests\FellerProbabilityTests.csproj", "{24DB77F9-E8D7-4B36-A3EA-E2896335DB5F}"
EndProject
Project("{FAE04EC0-301F-11D3-BF4B-00C04F79EFBC}") = "Codility", "Codility\Codility.csproj", "{DC558000-E2B7-4BA1-8BDB-BE76D4126085}"
EndProject
Project("{FAE04EC0-301F-11D3-BF4B-00C04F79EFBC}") = "Codility.UnitTests", "Codility.UnitTests\Codility.UnitTests.csproj", "{4E968422-B7A9-42F0-B4FC-67DF959993BC}"
EndProject
Global
	GlobalSection(SolutionConfigurationPlatforms) = preSolution
		Debug|Any CPU = Debug|Any CPU
		Release|Any CPU = Release|Any CPU
	EndGlobalSection
	GlobalSection(ProjectConfigurationPlatforms) = postSolution
		{E029FFC4-4F9D-4594-8D1E-7487CAE595BD}.Debug|Any CPU.ActiveCfg = Debug|Any CPU
		{E029FFC4-4F9D-4594-8D1E-7487CAE595BD}.Debug|Any CPU.Build.0 = Debug|Any CPU
		{E029FFC4-4F9D-4594-8D1E-7487CAE595BD}.Release|Any CPU.ActiveCfg = Release|Any CPU
		{E029FFC4-4F9D-4594-8D1E-7487CAE595BD}.Release|Any CPU.Build.0 = Release|Any CPU
		{24DB77F9-E8D7-4B36-A3EA-E2896335DB5F}.Debug|Any CPU.ActiveCfg = Debug|Any CPU
		{24DB77F9-E8D7-4B36-A3EA-E2896335DB5F}.Debug|Any CPU.Build.0 = Debug|Any CPU
		{24DB77F9-E8D7-4B36-A3EA-E2896335DB5F}.Release|Any CPU.ActiveCfg = Release|Any CPU
		{24DB77F9-E8D7-4B36-A3EA-E2896335DB5F}.Release|Any CPU.Build.0 = Release|Any CPU
		{DC558000-E2B7-4BA1-8BDB-BE76D4126085}.Debug|Any CPU.ActiveCfg = Debug|Any CPU
		{DC558000-E2B7-4BA1-8BDB-BE76D4126085}.Debug|Any CPU.Build.0 = Debug|Any CPU
		{DC558000-E2B7-4BA1-8BDB-BE76D4126085}.Release|Any CPU.ActiveCfg = Release|Any CPU
		{DC558000-E2B7-4BA1-8BDB-BE76D4126085}.Release|Any CPU.Build.0 = Release|Any CPU
		{4E968422-B7A9-42F0-B4FC-67DF959993BC}.Debug|Any CPU.ActiveCfg = Debug|Any CPU
		{4E968422-B7A9-42F0-B4FC-67DF959993BC}.Debug|Any CPU.Build.0 = Debug|Any CPU
		{4E968422-B7A9-42F0-B4FC-67DF959993BC}.Release|Any CPU.ActiveCfg = Release|Any CPU
		{4E968422-B7A9-42F0-B4FC-67DF959993BC}.Release|Any CPU.Build.0 = Release|Any CPU
	EndGlobalSection
	GlobalSection(SolutionProperties) = preSolution
		HideSolutionNode = FALSE
	EndGlobalSection
	GlobalSection(ExtensibilityGlobals) = postSolution
		SolutionGuid = {9A9F84E6-7850-4E3A-B133-2A8E105FA7AC}
	EndGlobalSection
EndGlobal
